
Microsoft Visual Studio Solution File, Format Version 12.00
# Visual Studio Version 17
VisualStudioVersion = 17.7.34202.233
MinimumVisualStudioVersion = 10.0.40219.1
Project("{FAE04EC0-301F-11D3-BF4B-00C04F79EFBC}") = "AutoCad-pot.View", "AutoCad-pot.View\AutoCad-pot.View.csproj", "{9C784BD2-E287-495E-A4B8-AE11868AED47}"
EndProject
Project("{FAE04EC0-301F-11D3-BF4B-00C04F79EFBC}") = "AutoCad-pot.Model", "AutoCad-pot.Model\AutoCad-pot.Model.csproj", "{34CEE9AA-7C2D-4CC1-BEFC-382156BA083B}"
EndProject
Project("{FAE04EC0-301F-11D3-BF4B-00C04F79EFBC}") = "AutoCad-pot.ModelApi", "AutoCad-pot.ModelApi\AutoCad-pot.ModelApi.csproj", "{E371C77E-3E07-43E1-A67F-6AD1EBAF578D}"
EndProject
Global
	GlobalSection(SolutionConfigurationPlatforms) = preSolution
		Debug|Any CPU = Debug|Any CPU
		Release|Any CPU = Release|Any CPU
	EndGlobalSection
	GlobalSection(ProjectConfigurationPlatforms) = postSolution
		{9C784BD2-E287-495E-A4B8-AE11868AED47}.Debug|Any CPU.ActiveCfg = Debug|Any CPU
		{9C784BD2-E287-495E-A4B8-AE11868AED47}.Debug|Any CPU.Build.0 = Debug|Any CPU
		{9C784BD2-E287-495E-A4B8-AE11868AED47}.Release|Any CPU.ActiveCfg = Release|Any CPU
		{9C784BD2-E287-495E-A4B8-AE11868AED47}.Release|Any CPU.Build.0 = Release|Any CPU
		{34CEE9AA-7C2D-4CC1-BEFC-382156BA083B}.Debug|Any CPU.ActiveCfg = Debug|Any CPU
		{34CEE9AA-7C2D-4CC1-BEFC-382156BA083B}.Debug|Any CPU.Build.0 = Debug|Any CPU
		{34CEE9AA-7C2D-4CC1-BEFC-382156BA083B}.Release|Any CPU.ActiveCfg = Release|Any CPU
		{34CEE9AA-7C2D-4CC1-BEFC-382156BA083B}.Release|Any CPU.Build.0 = Release|Any CPU
		{E371C77E-3E07-43E1-A67F-6AD1EBAF578D}.Debug|Any CPU.ActiveCfg = Debug|Any CPU
		{E371C77E-3E07-43E1-A67F-6AD1EBAF578D}.Debug|Any CPU.Build.0 = Debug|Any CPU
		{E371C77E-3E07-43E1-A67F-6AD1EBAF578D}.Release|Any CPU.ActiveCfg = Release|Any CPU
		{E371C77E-3E07-43E1-A67F-6AD1EBAF578D}.Release|Any CPU.Build.0 = Release|Any CPU
	EndGlobalSection
	GlobalSection(SolutionProperties) = preSolution
		HideSolutionNode = FALSE
	EndGlobalSection
	GlobalSection(ExtensibilityGlobals) = postSolution
		SolutionGuid = {5A18DF75-5BFA-41C5-9A95-37E415095933}
	EndGlobalSection
EndGlobal
